{
  "name": "cp-beta-access",
  "version": "1.0.0",
  "lockfileVersion": 1,
  "requires": true,
  "dependencies": {
    "nodemailer": {
      "version": "6.4.3",
      "resolved": "https://registry.npmjs.org/nodemailer/-/nodemailer-6.4.3.tgz",
      "integrity": "sha512-zmx4MTzYWQo2abFexvFYVURaiBGLekoA/yjP2Ctigd82hYtC4n38pcphQBi805t7AB2sY6DwmxnP/tb77f3KHA=="
    }
  }
}
